{
  "requires": true,
  "lockfileVersion": 1,
  "dependencies": {
    "typescript": {
      "version": "4.2.0-dev.20201202",
      "resolved": "https://registry.npmjs.org/typescript/-/typescript-4.2.0-dev.20201202.tgz",
      "integrity": "sha512-NYbvEtFsXiiDF9FpUjVNXq2qf/oTAE1973C8RnmgNGKpdtwmzpday2nelNnR/Q/LYjBhU0dvoDYnVxwr10PmRQ=="
    }
  }
}
